
Microsoft Visual Studio Solution File, Format Version 12.00
# Visual Studio Version 16
VisualStudioVersion = 16.0.33214.272
MinimumVisualStudioVersion = 10.0.40219.1
Project("{FAE04EC0-301F-11D3-BF4B-00C04F79EFBC}") = "Mission06_haylowry", "Mission06_haylowry\Mission06_haylowry.csproj", "{F74634E6-D6EE-4734-9ED5-335BA85B6B3B}"
EndProject
Global
	GlobalSection(SolutionConfigurationPlatforms) = preSolution
		Debug|Any CPU = Debug|Any CPU
		Release|Any CPU = Release|Any CPU
	EndGlobalSection
	GlobalSection(ProjectConfigurationPlatforms) = postSolution
		{F74634E6-D6EE-4734-9ED5-335BA85B6B3B}.Debug|Any CPU.ActiveCfg = Debug|Any CPU
		{F74634E6-D6EE-4734-9ED5-335BA85B6B3B}.Debug|Any CPU.Build.0 = Debug|Any CPU
		{F74634E6-D6EE-4734-9ED5-335BA85B6B3B}.Release|Any CPU.ActiveCfg = Release|Any CPU
		{F74634E6-D6EE-4734-9ED5-335BA85B6B3B}.Release|Any CPU.Build.0 = Release|Any CPU
	EndGlobalSection
	GlobalSection(SolutionProperties) = preSolution
		HideSolutionNode = FALSE
	EndGlobalSection
	GlobalSection(ExtensibilityGlobals) = postSolution
		SolutionGuid = {FA5CA81A-74EE-4508-ACC2-C71C0784B237}
	EndGlobalSection
EndGlobal
